
Microsoft Visual Studio Solution File, Format Version 12.00
# Visual Studio Version 16
VisualStudioVersion = 16.0.29201.188
MinimumVisualStudioVersion = 10.0.40219.1
Project("{FAE04EC0-301F-11D3-BF4B-00C04F79EFBC}") = "SalesWebMVC", "SalesWebMVC\SalesWebMVC.csproj", "{5EABB9AC-92EA-44F4-92C3-BBB37A9F8867}"
EndProject
Global
	GlobalSection(SolutionConfigurationPlatforms) = preSolution
		Debug|Any CPU = Debug|Any CPU
		Release|Any CPU = Release|Any CPU
	EndGlobalSection
	GlobalSection(ProjectConfigurationPlatforms) = postSolution
		{5EABB9AC-92EA-44F4-92C3-BBB37A9F8867}.Debug|Any CPU.ActiveCfg = Debug|Any CPU
		{5EABB9AC-92EA-44F4-92C3-BBB37A9F8867}.Debug|Any CPU.Build.0 = Debug|Any CPU
		{5EABB9AC-92EA-44F4-92C3-BBB37A9F8867}.Release|Any CPU.ActiveCfg = Release|Any CPU
		{5EABB9AC-92EA-44F4-92C3-BBB37A9F8867}.Release|Any CPU.Build.0 = Release|Any CPU
	EndGlobalSection
	GlobalSection(SolutionProperties) = preSolution
		HideSolutionNode = FALSE
	EndGlobalSection
	GlobalSection(ExtensibilityGlobals) = postSolution
		SolutionGuid = {CA6CD70E-0CCC-41F7-BC53-44FDAB1FA948}
	EndGlobalSection
EndGlobal
